
Microsoft Visual Studio Solution File, Format Version 12.00
# Visual Studio Version 16
VisualStudioVersion = 16.0.29102.190
MinimumVisualStudioVersion = 10.0.40219.1
Project("{FAE04EC0-301F-11D3-BF4B-00C04F79EFBC}") = "PhoneNoFormat", "PhoneNoFormat\PhoneNoFormat.csproj", "{F6ABD841-668D-4367-9CAB-8AC3632C9E0D}"
EndProject
Global
	GlobalSection(SolutionConfigurationPlatforms) = preSolution
		Debug|Any CPU = Debug|Any CPU
		Release|Any CPU = Release|Any CPU
	EndGlobalSection
	GlobalSection(ProjectConfigurationPlatforms) = postSolution
		{F6ABD841-668D-4367-9CAB-8AC3632C9E0D}.Debug|Any CPU.ActiveCfg = Debug|Any CPU
		{F6ABD841-668D-4367-9CAB-8AC3632C9E0D}.Debug|Any CPU.Build.0 = Debug|Any CPU
		{F6ABD841-668D-4367-9CAB-8AC3632C9E0D}.Release|Any CPU.ActiveCfg = Release|Any CPU
		{F6ABD841-668D-4367-9CAB-8AC3632C9E0D}.Release|Any CPU.Build.0 = Release|Any CPU
	EndGlobalSection
	GlobalSection(SolutionProperties) = preSolution
		HideSolutionNode = FALSE
	EndGlobalSection
	GlobalSection(ExtensibilityGlobals) = postSolution
		SolutionGuid = {36E28025-5F80-4B06-8406-F03F241587E4}
	EndGlobalSection
EndGlobal
